
Microsoft Visual Studio Solution File, Format Version 12.00
# Visual Studio Version 17
VisualStudioVersion = 17.0.32112.339
MinimumVisualStudioVersion = 10.0.40219.1
Project("{6EC3EE1D-3C4E-46DD-8F32-0CC8E7565705}") = "ProbaDingue", "ProbaDingue.fsproj", "{42652375-C09B-4664-A44C-1D446E844D04}"
EndProject
Global
	GlobalSection(SolutionConfigurationPlatforms) = preSolution
		Debug|Any CPU = Debug|Any CPU
		Release|Any CPU = Release|Any CPU
	EndGlobalSection
	GlobalSection(ProjectConfigurationPlatforms) = postSolution
		{42652375-C09B-4664-A44C-1D446E844D04}.Debug|Any CPU.ActiveCfg = Debug|Any CPU
		{42652375-C09B-4664-A44C-1D446E844D04}.Debug|Any CPU.Build.0 = Debug|Any CPU
		{42652375-C09B-4664-A44C-1D446E844D04}.Release|Any CPU.ActiveCfg = Release|x86
		{42652375-C09B-4664-A44C-1D446E844D04}.Release|Any CPU.Build.0 = Release|x86
	EndGlobalSection
	GlobalSection(SolutionProperties) = preSolution
		HideSolutionNode = FALSE
	EndGlobalSection
	GlobalSection(ExtensibilityGlobals) = postSolution
		SolutionGuid = {0E6B290D-5F0C-4A11-8043-C2660C0CB548}
	EndGlobalSection
EndGlobal
